
Microsoft Visual Studio Solution File, Format Version 12.00
# Visual Studio 15
VisualStudioVersion = 15.0.28307.757
MinimumVisualStudioVersion = 10.0.40219.1
Project("{FAE04EC0-301F-11D3-BF4B-00C04F79EFBC}") = "OOP16", "OOP16\OOP16.csproj", "{0363A788-D3D6-48A8-8CE4-78DCE004A7EE}"
EndProject
Global
	GlobalSection(SolutionConfigurationPlatforms) = preSolution
		Debug|Any CPU = Debug|Any CPU
		Release|Any CPU = Release|Any CPU
	EndGlobalSection
	GlobalSection(ProjectConfigurationPlatforms) = postSolution
		{0363A788-D3D6-48A8-8CE4-78DCE004A7EE}.Debug|Any CPU.ActiveCfg = Debug|Any CPU
		{0363A788-D3D6-48A8-8CE4-78DCE004A7EE}.Debug|Any CPU.Build.0 = Debug|Any CPU
		{0363A788-D3D6-48A8-8CE4-78DCE004A7EE}.Release|Any CPU.ActiveCfg = Release|Any CPU
		{0363A788-D3D6-48A8-8CE4-78DCE004A7EE}.Release|Any CPU.Build.0 = Release|Any CPU
	EndGlobalSection
	GlobalSection(SolutionProperties) = preSolution
		HideSolutionNode = FALSE
	EndGlobalSection
	GlobalSection(ExtensibilityGlobals) = postSolution
		SolutionGuid = {446CC1BA-AC9D-4938-8B3C-5A2C3A1D058D}
	EndGlobalSection
EndGlobal
